
Microsoft Visual Studio Solution File, Format Version 12.00
Project("{2150E333-8FDC-42A3-9474-1A3956D46DE8}") = "src", "src", "{79C87957-0B5B-4D46-8047-EF05584FFE3A}"
EndProject
Project("{2150E333-8FDC-42A3-9474-1A3956D46DE8}") = "services", "services", "{D0747E43-B949-4895-95C6-B2D9E5A29CC4}"
EndProject
Project("{2150E333-8FDC-42A3-9474-1A3956D46DE8}") = "catalog", "catalog", "{DC0C7D3D-4219-4960-BB34-76795C215C59}"
EndProject
Project("{FAE04EC0-301F-11D3-BF4B-00C04F79EFBC}") = "MicroserviceApp.Catalog.Api", "MicroserviceApp.Catalog.Api\MicroserviceApp.Catalog.Api.csproj", "{C09E1CFB-F58A-4645-B5A8-54BE21B66823}"
EndProject
Project("{2150E333-8FDC-42A3-9474-1A3956D46DE8}") = "shared", "shared", "{F42BCB85-F05F-475B-B2B6-0CEA82F7AE85}"
EndProject
Project("{FAE04EC0-301F-11D3-BF4B-00C04F79EFBC}") = "MicroserviceApp.Shared", "MicroserviceApp.Shared\MicroserviceApp.Shared.csproj", "{853267C2-5199-4F72-B66D-A2BF7EF54DD8}"
EndProject
Global
	GlobalSection(SolutionConfigurationPlatforms) = preSolution
		Debug|Any CPU = Debug|Any CPU
		Release|Any CPU = Release|Any CPU
	EndGlobalSection
	GlobalSection(NestedProjects) = preSolution
		{D0747E43-B949-4895-95C6-B2D9E5A29CC4} = {79C87957-0B5B-4D46-8047-EF05584FFE3A}
		{DC0C7D3D-4219-4960-BB34-76795C215C59} = {D0747E43-B949-4895-95C6-B2D9E5A29CC4}
		{C09E1CFB-F58A-4645-B5A8-54BE21B66823} = {DC0C7D3D-4219-4960-BB34-76795C215C59}
		{F42BCB85-F05F-475B-B2B6-0CEA82F7AE85} = {79C87957-0B5B-4D46-8047-EF05584FFE3A}
		{853267C2-5199-4F72-B66D-A2BF7EF54DD8} = {F42BCB85-F05F-475B-B2B6-0CEA82F7AE85}
	EndGlobalSection
	GlobalSection(ProjectConfigurationPlatforms) = postSolution
		{C09E1CFB-F58A-4645-B5A8-54BE21B66823}.Debug|Any CPU.ActiveCfg = Debug|Any CPU
		{C09E1CFB-F58A-4645-B5A8-54BE21B66823}.Debug|Any CPU.Build.0 = Debug|Any CPU
		{C09E1CFB-F58A-4645-B5A8-54BE21B66823}.Release|Any CPU.ActiveCfg = Release|Any CPU
		{C09E1CFB-F58A-4645-B5A8-54BE21B66823}.Release|Any CPU.Build.0 = Release|Any CPU
		{853267C2-5199-4F72-B66D-A2BF7EF54DD8}.Debug|Any CPU.ActiveCfg = Debug|Any CPU
		{853267C2-5199-4F72-B66D-A2BF7EF54DD8}.Debug|Any CPU.Build.0 = Debug|Any CPU
		{853267C2-5199-4F72-B66D-A2BF7EF54DD8}.Release|Any CPU.ActiveCfg = Release|Any CPU
		{853267C2-5199-4F72-B66D-A2BF7EF54DD8}.Release|Any CPU.Build.0 = Release|Any CPU
	EndGlobalSection
EndGlobal
